
Microsoft Visual Studio Solution File, Format Version 12.00
# Visual Studio Version 17
VisualStudioVersion = 17.3.32929.385
MinimumVisualStudioVersion = 10.0.40219.1
Project("{FAE04EC0-301F-11D3-BF4B-00C04F79EFBC}") = "MyVillage", "MyVillage.csproj", "{E6EE02F1-97B3-41D1-8D1A-7D6E947A9899}"
EndProject
Global
	GlobalSection(SolutionConfigurationPlatforms) = preSolution
		Debug|Any CPU = Debug|Any CPU
		Release|Any CPU = Release|Any CPU
	EndGlobalSection
	GlobalSection(ProjectConfigurationPlatforms) = postSolution
		{E6EE02F1-97B3-41D1-8D1A-7D6E947A9899}.Debug|Any CPU.ActiveCfg = Debug|Any CPU
		{E6EE02F1-97B3-41D1-8D1A-7D6E947A9899}.Debug|Any CPU.Build.0 = Debug|Any CPU
		{E6EE02F1-97B3-41D1-8D1A-7D6E947A9899}.Release|Any CPU.ActiveCfg = Release|Any CPU
		{E6EE02F1-97B3-41D1-8D1A-7D6E947A9899}.Release|Any CPU.Build.0 = Release|Any CPU
	EndGlobalSection
	GlobalSection(SolutionProperties) = preSolution
		HideSolutionNode = FALSE
	EndGlobalSection
	GlobalSection(ExtensibilityGlobals) = postSolution
		SolutionGuid = {112BC0A9-CDBC-48D4-919C-FEFA04AFCE15}
	EndGlobalSection
EndGlobal
